
Microsoft Visual Studio Solution File, Format Version 12.00
# Visual Studio 15
VisualStudioVersion = 15.0.27703.2026
MinimumVisualStudioVersion = 10.0.40219.1
Project("{151D2E53-A2C4-4D7D-83FE-D05416EBD58E}") = "AppGwDeployment", "AppGwDeployment\AppGwDeployment.deployproj", "{BAFB56FD-40BB-4323-93AE-C9CB06BA8037}"
EndProject
Global
	GlobalSection(SolutionConfigurationPlatforms) = preSolution
		Debug|Any CPU = Debug|Any CPU
		Release|Any CPU = Release|Any CPU
	EndGlobalSection
	GlobalSection(ProjectConfigurationPlatforms) = postSolution
		{BAFB56FD-40BB-4323-93AE-C9CB06BA8037}.Debug|Any CPU.ActiveCfg = Debug|Any CPU
		{BAFB56FD-40BB-4323-93AE-C9CB06BA8037}.Debug|Any CPU.Build.0 = Debug|Any CPU
		{BAFB56FD-40BB-4323-93AE-C9CB06BA8037}.Release|Any CPU.ActiveCfg = Release|Any CPU
		{BAFB56FD-40BB-4323-93AE-C9CB06BA8037}.Release|Any CPU.Build.0 = Release|Any CPU
	EndGlobalSection
	GlobalSection(SolutionProperties) = preSolution
		HideSolutionNode = FALSE
	EndGlobalSection
	GlobalSection(ExtensibilityGlobals) = postSolution
		SolutionGuid = {5D5E07B2-7A98-460A-B3A0-2EE8D8646C10}
	EndGlobalSection
EndGlobal
