
Microsoft Visual Studio Solution File, Format Version 12.00
# Visual Studio 15
VisualStudioVersion = 15.0.27703.2026
MinimumVisualStudioVersion = 10.0.40219.1
Project("{151D2E53-A2C4-4D7D-83FE-D05416EBD58E}") = "JoinVmsToAADDS", "JoinVmsToAADDS\JoinVmsToAADDS.deployproj", "{9420F38F-A1B7-49C0-8F59-3D1B2E8A9365}"
EndProject
Global
	GlobalSection(SolutionConfigurationPlatforms) = preSolution
		Debug|Any CPU = Debug|Any CPU
		Release|Any CPU = Release|Any CPU
	EndGlobalSection
	GlobalSection(ProjectConfigurationPlatforms) = postSolution
		{9420F38F-A1B7-49C0-8F59-3D1B2E8A9365}.Debug|Any CPU.ActiveCfg = Debug|Any CPU
		{9420F38F-A1B7-49C0-8F59-3D1B2E8A9365}.Debug|Any CPU.Build.0 = Debug|Any CPU
		{9420F38F-A1B7-49C0-8F59-3D1B2E8A9365}.Release|Any CPU.ActiveCfg = Release|Any CPU
		{9420F38F-A1B7-49C0-8F59-3D1B2E8A9365}.Release|Any CPU.Build.0 = Release|Any CPU
	EndGlobalSection
	GlobalSection(SolutionProperties) = preSolution
		HideSolutionNode = FALSE
	EndGlobalSection
	GlobalSection(ExtensibilityGlobals) = postSolution
		SolutionGuid = {1D23A7F3-4BDE-45E9-BA1C-7BE529AC9A75}
	EndGlobalSection
EndGlobal
